
Microsoft Visual Studio Solution File, Format Version 12.00
# Visual Studio Version 16
VisualStudioVersion = 16.0.30413.136
MinimumVisualStudioVersion = 10.0.40219.1
Project("{FAE04EC0-301F-11D3-BF4B-00C04F79EFBC}") = "Пример 2", "Пример 2.csproj", "{24F55C7E-1783-4871-9895-2A542267FBF1}"
EndProject
Global
	GlobalSection(SolutionConfigurationPlatforms) = preSolution
		Debug|Any CPU = Debug|Any CPU
		Release|Any CPU = Release|Any CPU
	EndGlobalSection
	GlobalSection(ProjectConfigurationPlatforms) = postSolution
		{24F55C7E-1783-4871-9895-2A542267FBF1}.Debug|Any CPU.ActiveCfg = Debug|Any CPU
		{24F55C7E-1783-4871-9895-2A542267FBF1}.Debug|Any CPU.Build.0 = Debug|Any CPU
		{24F55C7E-1783-4871-9895-2A542267FBF1}.Release|Any CPU.ActiveCfg = Release|Any CPU
		{24F55C7E-1783-4871-9895-2A542267FBF1}.Release|Any CPU.Build.0 = Release|Any CPU
	EndGlobalSection
	GlobalSection(SolutionProperties) = preSolution
		HideSolutionNode = FALSE
	EndGlobalSection
	GlobalSection(ExtensibilityGlobals) = postSolution
		SolutionGuid = {F8A142A6-7F2A-4D63-ADCE-32DB9DA3DAE0}
	EndGlobalSection
EndGlobal
