
Microsoft Visual Studio Solution File, Format Version 12.00
# Visual Studio Version 16
VisualStudioVersion = 16.0.30413.136
MinimumVisualStudioVersion = 10.0.40219.1
Project("{FAE04EC0-301F-11D3-BF4B-00C04F79EFBC}") = "Пример 1", "Пример 1.csproj", "{11CB0260-EE5C-4EF1-8CEA-1C67E6C6FCAD}"
EndProject
Global
	GlobalSection(SolutionConfigurationPlatforms) = preSolution
		Debug|Any CPU = Debug|Any CPU
		Release|Any CPU = Release|Any CPU
	EndGlobalSection
	GlobalSection(ProjectConfigurationPlatforms) = postSolution
		{11CB0260-EE5C-4EF1-8CEA-1C67E6C6FCAD}.Debug|Any CPU.ActiveCfg = Debug|Any CPU
		{11CB0260-EE5C-4EF1-8CEA-1C67E6C6FCAD}.Debug|Any CPU.Build.0 = Debug|Any CPU
		{11CB0260-EE5C-4EF1-8CEA-1C67E6C6FCAD}.Release|Any CPU.ActiveCfg = Release|Any CPU
		{11CB0260-EE5C-4EF1-8CEA-1C67E6C6FCAD}.Release|Any CPU.Build.0 = Release|Any CPU
	EndGlobalSection
	GlobalSection(SolutionProperties) = preSolution
		HideSolutionNode = FALSE
	EndGlobalSection
	GlobalSection(ExtensibilityGlobals) = postSolution
		SolutionGuid = {85DDBD22-230E-48C6-82D8-03281B044099}
	EndGlobalSection
EndGlobal
