
Microsoft Visual Studio Solution File, Format Version 12.00
# Visual Studio Version 16
VisualStudioVersion = 16.0.30523.141
MinimumVisualStudioVersion = 10.0.40219.1
Project("{FAE04EC0-301F-11D3-BF4B-00C04F79EFBC}") = "Пример 6", "Пример 6.csproj", "{2C29B315-FCC8-49C0-95FC-CBFC9914BC25}"
EndProject
Global
	GlobalSection(SolutionConfigurationPlatforms) = preSolution
		Debug|Any CPU = Debug|Any CPU
		Release|Any CPU = Release|Any CPU
	EndGlobalSection
	GlobalSection(ProjectConfigurationPlatforms) = postSolution
		{2C29B315-FCC8-49C0-95FC-CBFC9914BC25}.Debug|Any CPU.ActiveCfg = Debug|Any CPU
		{2C29B315-FCC8-49C0-95FC-CBFC9914BC25}.Debug|Any CPU.Build.0 = Debug|Any CPU
		{2C29B315-FCC8-49C0-95FC-CBFC9914BC25}.Release|Any CPU.ActiveCfg = Release|Any CPU
		{2C29B315-FCC8-49C0-95FC-CBFC9914BC25}.Release|Any CPU.Build.0 = Release|Any CPU
	EndGlobalSection
	GlobalSection(SolutionProperties) = preSolution
		HideSolutionNode = FALSE
	EndGlobalSection
	GlobalSection(ExtensibilityGlobals) = postSolution
		SolutionGuid = {74447A7D-79B5-4E15-B49A-8126EC4E09F0}
	EndGlobalSection
EndGlobal
