
Microsoft Visual Studio Solution File, Format Version 12.00
# Visual Studio Version 16
VisualStudioVersion = 16.0.30621.155
MinimumVisualStudioVersion = 10.0.40219.1
Project("{FAE04EC0-301F-11D3-BF4B-00C04F79EFBC}") = "Пример 3", "Пример 3.csproj", "{87D5B8C8-95CD-4294-80CA-1BCEE4EAC46F}"
EndProject
Global
	GlobalSection(SolutionConfigurationPlatforms) = preSolution
		Debug|Any CPU = Debug|Any CPU
		Release|Any CPU = Release|Any CPU
	EndGlobalSection
	GlobalSection(ProjectConfigurationPlatforms) = postSolution
		{87D5B8C8-95CD-4294-80CA-1BCEE4EAC46F}.Debug|Any CPU.ActiveCfg = Debug|Any CPU
		{87D5B8C8-95CD-4294-80CA-1BCEE4EAC46F}.Debug|Any CPU.Build.0 = Debug|Any CPU
		{87D5B8C8-95CD-4294-80CA-1BCEE4EAC46F}.Release|Any CPU.ActiveCfg = Release|Any CPU
		{87D5B8C8-95CD-4294-80CA-1BCEE4EAC46F}.Release|Any CPU.Build.0 = Release|Any CPU
	EndGlobalSection
	GlobalSection(SolutionProperties) = preSolution
		HideSolutionNode = FALSE
	EndGlobalSection
	GlobalSection(ExtensibilityGlobals) = postSolution
		SolutionGuid = {1D7EE81E-EEB2-4080-A2A8-B67A530534FF}
	EndGlobalSection
EndGlobal
