
Microsoft Visual Studio Solution File, Format Version 12.00
# Visual Studio Version 16
VisualStudioVersion = 16.0.30413.136
MinimumVisualStudioVersion = 10.0.40219.1
Project("{FAE04EC0-301F-11D3-BF4B-00C04F79EFBC}") = "Пример 1", "Пример 1.csproj", "{F748ADFE-E19D-44AC-93AA-4C938C57B589}"
EndProject
Global
	GlobalSection(SolutionConfigurationPlatforms) = preSolution
		Debug|Any CPU = Debug|Any CPU
		Release|Any CPU = Release|Any CPU
	EndGlobalSection
	GlobalSection(ProjectConfigurationPlatforms) = postSolution
		{F748ADFE-E19D-44AC-93AA-4C938C57B589}.Debug|Any CPU.ActiveCfg = Debug|Any CPU
		{F748ADFE-E19D-44AC-93AA-4C938C57B589}.Debug|Any CPU.Build.0 = Debug|Any CPU
		{F748ADFE-E19D-44AC-93AA-4C938C57B589}.Release|Any CPU.ActiveCfg = Release|Any CPU
		{F748ADFE-E19D-44AC-93AA-4C938C57B589}.Release|Any CPU.Build.0 = Release|Any CPU
	EndGlobalSection
	GlobalSection(SolutionProperties) = preSolution
		HideSolutionNode = FALSE
	EndGlobalSection
	GlobalSection(ExtensibilityGlobals) = postSolution
		SolutionGuid = {EFEA54D6-2866-4356-AD51-4CEF791B5D45}
	EndGlobalSection
EndGlobal
