
Microsoft Visual Studio Solution File, Format Version 12.00
# Visual Studio Version 16
VisualStudioVersion = 16.0.30621.155
MinimumVisualStudioVersion = 10.0.40219.1
Project("{FAE04EC0-301F-11D3-BF4B-00C04F79EFBC}") = "Пример 3", "Пример 3.csproj", "{7081F63E-B36A-44BD-9F4A-005BD7C500BB}"
EndProject
Global
	GlobalSection(SolutionConfigurationPlatforms) = preSolution
		Debug|Any CPU = Debug|Any CPU
		Release|Any CPU = Release|Any CPU
	EndGlobalSection
	GlobalSection(ProjectConfigurationPlatforms) = postSolution
		{7081F63E-B36A-44BD-9F4A-005BD7C500BB}.Debug|Any CPU.ActiveCfg = Debug|Any CPU
		{7081F63E-B36A-44BD-9F4A-005BD7C500BB}.Debug|Any CPU.Build.0 = Debug|Any CPU
		{7081F63E-B36A-44BD-9F4A-005BD7C500BB}.Release|Any CPU.ActiveCfg = Release|Any CPU
		{7081F63E-B36A-44BD-9F4A-005BD7C500BB}.Release|Any CPU.Build.0 = Release|Any CPU
	EndGlobalSection
	GlobalSection(SolutionProperties) = preSolution
		HideSolutionNode = FALSE
	EndGlobalSection
	GlobalSection(ExtensibilityGlobals) = postSolution
		SolutionGuid = {97F0BBE1-7422-44D7-9304-0B7F13CF1EA6}
	EndGlobalSection
EndGlobal
