
Microsoft Visual Studio Solution File, Format Version 12.00
# Visual Studio Version 16
VisualStudioVersion = 16.0.30503.244
MinimumVisualStudioVersion = 10.0.40219.1
Project("{FAE04EC0-301F-11D3-BF4B-00C04F79EFBC}") = "Пример3", "Пример3.csproj", "{8D28CA30-4FEC-44DD-A8E4-1CCD09C3DAD7}"
EndProject
Global
	GlobalSection(SolutionConfigurationPlatforms) = preSolution
		Debug|Any CPU = Debug|Any CPU
		Release|Any CPU = Release|Any CPU
	EndGlobalSection
	GlobalSection(ProjectConfigurationPlatforms) = postSolution
		{8D28CA30-4FEC-44DD-A8E4-1CCD09C3DAD7}.Debug|Any CPU.ActiveCfg = Debug|Any CPU
		{8D28CA30-4FEC-44DD-A8E4-1CCD09C3DAD7}.Debug|Any CPU.Build.0 = Debug|Any CPU
		{8D28CA30-4FEC-44DD-A8E4-1CCD09C3DAD7}.Release|Any CPU.ActiveCfg = Release|Any CPU
		{8D28CA30-4FEC-44DD-A8E4-1CCD09C3DAD7}.Release|Any CPU.Build.0 = Release|Any CPU
	EndGlobalSection
	GlobalSection(SolutionProperties) = preSolution
		HideSolutionNode = FALSE
	EndGlobalSection
	GlobalSection(ExtensibilityGlobals) = postSolution
		SolutionGuid = {509EF21D-322B-425E-9FA5-A9A876293A97}
	EndGlobalSection
EndGlobal
