
Microsoft Visual Studio Solution File, Format Version 12.00
# Visual Studio Version 16
VisualStudioVersion = 16.0.30413.136
MinimumVisualStudioVersion = 10.0.40219.1
Project("{FAE04EC0-301F-11D3-BF4B-00C04F79EFBC}") = "ConsoleApp1", "ConsoleApp1.csproj", "{A148B9E9-F572-4442-B313-46EF4150E203}"
EndProject
Global
	GlobalSection(SolutionConfigurationPlatforms) = preSolution
		Debug|Any CPU = Debug|Any CPU
		Release|Any CPU = Release|Any CPU
	EndGlobalSection
	GlobalSection(ProjectConfigurationPlatforms) = postSolution
		{A148B9E9-F572-4442-B313-46EF4150E203}.Debug|Any CPU.ActiveCfg = Debug|Any CPU
		{A148B9E9-F572-4442-B313-46EF4150E203}.Debug|Any CPU.Build.0 = Debug|Any CPU
		{A148B9E9-F572-4442-B313-46EF4150E203}.Release|Any CPU.ActiveCfg = Release|Any CPU
		{A148B9E9-F572-4442-B313-46EF4150E203}.Release|Any CPU.Build.0 = Release|Any CPU
	EndGlobalSection
	GlobalSection(SolutionProperties) = preSolution
		HideSolutionNode = FALSE
	EndGlobalSection
	GlobalSection(ExtensibilityGlobals) = postSolution
		SolutionGuid = {220D1DF6-EC19-464E-9B5E-95CE1CD790FC}
	EndGlobalSection
EndGlobal
