
Microsoft Visual Studio Solution File, Format Version 12.00
# Visual Studio Version 16
VisualStudioVersion = 16.0.30621.155
MinimumVisualStudioVersion = 10.0.40219.1
Project("{FAE04EC0-301F-11D3-BF4B-00C04F79EFBC}") = "lib4lab", "lib4lab.csproj", "{920378F9-62AB-4370-8E65-C04A05C5C109}"
EndProject
Global
	GlobalSection(SolutionConfigurationPlatforms) = preSolution
		Debug|Any CPU = Debug|Any CPU
		Release|Any CPU = Release|Any CPU
	EndGlobalSection
	GlobalSection(ProjectConfigurationPlatforms) = postSolution
		{920378F9-62AB-4370-8E65-C04A05C5C109}.Debug|Any CPU.ActiveCfg = Debug|Any CPU
		{920378F9-62AB-4370-8E65-C04A05C5C109}.Debug|Any CPU.Build.0 = Debug|Any CPU
		{920378F9-62AB-4370-8E65-C04A05C5C109}.Release|Any CPU.ActiveCfg = Release|Any CPU
		{920378F9-62AB-4370-8E65-C04A05C5C109}.Release|Any CPU.Build.0 = Release|Any CPU
	EndGlobalSection
	GlobalSection(SolutionProperties) = preSolution
		HideSolutionNode = FALSE
	EndGlobalSection
	GlobalSection(ExtensibilityGlobals) = postSolution
		SolutionGuid = {35CA0BAE-E44D-4F91-834F-8B94ACA8C59A}
	EndGlobalSection
EndGlobal
