
Microsoft Visual Studio Solution File, Format Version 12.00
# Visual Studio Version 16
VisualStudioVersion = 16.0.30523.141
MinimumVisualStudioVersion = 10.0.40219.1
Project("{FAE04EC0-301F-11D3-BF4B-00C04F79EFBC}") = "Пример 7", "Пример 7.csproj", "{D67BC5C5-6385-4557-9DB5-9FBEACD15BD6}"
EndProject
Global
	GlobalSection(SolutionConfigurationPlatforms) = preSolution
		Debug|Any CPU = Debug|Any CPU
		Release|Any CPU = Release|Any CPU
	EndGlobalSection
	GlobalSection(ProjectConfigurationPlatforms) = postSolution
		{D67BC5C5-6385-4557-9DB5-9FBEACD15BD6}.Debug|Any CPU.ActiveCfg = Debug|Any CPU
		{D67BC5C5-6385-4557-9DB5-9FBEACD15BD6}.Debug|Any CPU.Build.0 = Debug|Any CPU
		{D67BC5C5-6385-4557-9DB5-9FBEACD15BD6}.Release|Any CPU.ActiveCfg = Release|Any CPU
		{D67BC5C5-6385-4557-9DB5-9FBEACD15BD6}.Release|Any CPU.Build.0 = Release|Any CPU
	EndGlobalSection
	GlobalSection(SolutionProperties) = preSolution
		HideSolutionNode = FALSE
	EndGlobalSection
	GlobalSection(ExtensibilityGlobals) = postSolution
		SolutionGuid = {75762B24-DB44-4364-BBC9-6CA754BB1BD9}
	EndGlobalSection
EndGlobal
