
Microsoft Visual Studio Solution File, Format Version 12.00
# Visual Studio Version 16
VisualStudioVersion = 16.0.30523.141
MinimumVisualStudioVersion = 10.0.40219.1
Project("{FAE04EC0-301F-11D3-BF4B-00C04F79EFBC}") = "Пример 4", "Пример 4.csproj", "{B05F1186-BB29-4CE2-AED3-D86138EE0FE2}"
EndProject
Global
	GlobalSection(SolutionConfigurationPlatforms) = preSolution
		Debug|Any CPU = Debug|Any CPU
		Release|Any CPU = Release|Any CPU
	EndGlobalSection
	GlobalSection(ProjectConfigurationPlatforms) = postSolution
		{B05F1186-BB29-4CE2-AED3-D86138EE0FE2}.Debug|Any CPU.ActiveCfg = Debug|Any CPU
		{B05F1186-BB29-4CE2-AED3-D86138EE0FE2}.Debug|Any CPU.Build.0 = Debug|Any CPU
		{B05F1186-BB29-4CE2-AED3-D86138EE0FE2}.Release|Any CPU.ActiveCfg = Release|Any CPU
		{B05F1186-BB29-4CE2-AED3-D86138EE0FE2}.Release|Any CPU.Build.0 = Release|Any CPU
	EndGlobalSection
	GlobalSection(SolutionProperties) = preSolution
		HideSolutionNode = FALSE
	EndGlobalSection
	GlobalSection(ExtensibilityGlobals) = postSolution
		SolutionGuid = {C7A7B466-E397-4E8A-A2F6-DED1F6547391}
	EndGlobalSection
EndGlobal
