
Microsoft Visual Studio Solution File, Format Version 12.00
# Visual Studio Version 16
VisualStudioVersion = 16.0.30413.136
MinimumVisualStudioVersion = 10.0.40219.1
Project("{FAE04EC0-301F-11D3-BF4B-00C04F79EFBC}") = "Пример 6", "Пример 6.csproj", "{2932B8E3-3996-4B59-AF99-EA68F7F548E6}"
EndProject
Global
	GlobalSection(SolutionConfigurationPlatforms) = preSolution
		Debug|Any CPU = Debug|Any CPU
		Release|Any CPU = Release|Any CPU
	EndGlobalSection
	GlobalSection(ProjectConfigurationPlatforms) = postSolution
		{2932B8E3-3996-4B59-AF99-EA68F7F548E6}.Debug|Any CPU.ActiveCfg = Debug|Any CPU
		{2932B8E3-3996-4B59-AF99-EA68F7F548E6}.Debug|Any CPU.Build.0 = Debug|Any CPU
		{2932B8E3-3996-4B59-AF99-EA68F7F548E6}.Release|Any CPU.ActiveCfg = Release|Any CPU
		{2932B8E3-3996-4B59-AF99-EA68F7F548E6}.Release|Any CPU.Build.0 = Release|Any CPU
	EndGlobalSection
	GlobalSection(SolutionProperties) = preSolution
		HideSolutionNode = FALSE
	EndGlobalSection
	GlobalSection(ExtensibilityGlobals) = postSolution
		SolutionGuid = {63D556E6-538D-4771-8B9C-5A66C7942886}
	EndGlobalSection
EndGlobal
