
Microsoft Visual Studio Solution File, Format Version 12.00
# Visual Studio Version 16
VisualStudioVersion = 16.0.30621.155
MinimumVisualStudioVersion = 10.0.40219.1
Project("{FAE04EC0-301F-11D3-BF4B-00C04F79EFBC}") = "Задание", "Задание.csproj", "{F8D017C1-F5E9-485B-A47F-AC86A9A74499}"
EndProject
Global
	GlobalSection(SolutionConfigurationPlatforms) = preSolution
		Debug|Any CPU = Debug|Any CPU
		Release|Any CPU = Release|Any CPU
	EndGlobalSection
	GlobalSection(ProjectConfigurationPlatforms) = postSolution
		{F8D017C1-F5E9-485B-A47F-AC86A9A74499}.Debug|Any CPU.ActiveCfg = Debug|Any CPU
		{F8D017C1-F5E9-485B-A47F-AC86A9A74499}.Debug|Any CPU.Build.0 = Debug|Any CPU
		{F8D017C1-F5E9-485B-A47F-AC86A9A74499}.Release|Any CPU.ActiveCfg = Release|Any CPU
		{F8D017C1-F5E9-485B-A47F-AC86A9A74499}.Release|Any CPU.Build.0 = Release|Any CPU
	EndGlobalSection
	GlobalSection(SolutionProperties) = preSolution
		HideSolutionNode = FALSE
	EndGlobalSection
	GlobalSection(ExtensibilityGlobals) = postSolution
		SolutionGuid = {3B5CFE28-73F8-4182-97AB-A6B8F379790C}
	EndGlobalSection
EndGlobal
