
Microsoft Visual Studio Solution File, Format Version 12.00
# Visual Studio Version 16
VisualStudioVersion = 16.0.30523.141
MinimumVisualStudioVersion = 10.0.40219.1
Project("{FAE04EC0-301F-11D3-BF4B-00C04F79EFBC}") = "Пример 2", "Пример 2.csproj", "{21FD5B5F-DE32-4EC4-80D2-22AF709CE328}"
EndProject
Global
	GlobalSection(SolutionConfigurationPlatforms) = preSolution
		Debug|Any CPU = Debug|Any CPU
		Release|Any CPU = Release|Any CPU
	EndGlobalSection
	GlobalSection(ProjectConfigurationPlatforms) = postSolution
		{21FD5B5F-DE32-4EC4-80D2-22AF709CE328}.Debug|Any CPU.ActiveCfg = Debug|Any CPU
		{21FD5B5F-DE32-4EC4-80D2-22AF709CE328}.Debug|Any CPU.Build.0 = Debug|Any CPU
		{21FD5B5F-DE32-4EC4-80D2-22AF709CE328}.Release|Any CPU.ActiveCfg = Release|Any CPU
		{21FD5B5F-DE32-4EC4-80D2-22AF709CE328}.Release|Any CPU.Build.0 = Release|Any CPU
	EndGlobalSection
	GlobalSection(SolutionProperties) = preSolution
		HideSolutionNode = FALSE
	EndGlobalSection
	GlobalSection(ExtensibilityGlobals) = postSolution
		SolutionGuid = {3F3CE3B9-6B53-4795-9195-641259C7C0A5}
	EndGlobalSection
EndGlobal
