
Microsoft Visual Studio Solution File, Format Version 12.00
# Visual Studio Version 16
VisualStudioVersion = 16.0.30523.141
MinimumVisualStudioVersion = 10.0.40219.1
Project("{FAE04EC0-301F-11D3-BF4B-00C04F79EFBC}") = "Пример 3", "Пример 3.csproj", "{23BD6115-32B1-40A2-82BA-5F03B39AC2A7}"
EndProject
Global
	GlobalSection(SolutionConfigurationPlatforms) = preSolution
		Debug|Any CPU = Debug|Any CPU
		Release|Any CPU = Release|Any CPU
	EndGlobalSection
	GlobalSection(ProjectConfigurationPlatforms) = postSolution
		{23BD6115-32B1-40A2-82BA-5F03B39AC2A7}.Debug|Any CPU.ActiveCfg = Debug|Any CPU
		{23BD6115-32B1-40A2-82BA-5F03B39AC2A7}.Debug|Any CPU.Build.0 = Debug|Any CPU
		{23BD6115-32B1-40A2-82BA-5F03B39AC2A7}.Release|Any CPU.ActiveCfg = Release|Any CPU
		{23BD6115-32B1-40A2-82BA-5F03B39AC2A7}.Release|Any CPU.Build.0 = Release|Any CPU
	EndGlobalSection
	GlobalSection(SolutionProperties) = preSolution
		HideSolutionNode = FALSE
	EndGlobalSection
	GlobalSection(ExtensibilityGlobals) = postSolution
		SolutionGuid = {0F2FE8E3-4F24-4D4E-B3A0-240B0FE3ADB0}
	EndGlobalSection
EndGlobal
