
Microsoft Visual Studio Solution File, Format Version 12.00
# Visual Studio Version 16
VisualStudioVersion = 16.0.30413.136
MinimumVisualStudioVersion = 10.0.40219.1
Project("{FAE04EC0-301F-11D3-BF4B-00C04F79EFBC}") = "Задание 2", "Задание 2.csproj", "{0A58A71A-AB28-466E-A102-FFC060311962}"
EndProject
Global
	GlobalSection(SolutionConfigurationPlatforms) = preSolution
		Debug|Any CPU = Debug|Any CPU
		Release|Any CPU = Release|Any CPU
	EndGlobalSection
	GlobalSection(ProjectConfigurationPlatforms) = postSolution
		{0A58A71A-AB28-466E-A102-FFC060311962}.Debug|Any CPU.ActiveCfg = Debug|Any CPU
		{0A58A71A-AB28-466E-A102-FFC060311962}.Debug|Any CPU.Build.0 = Debug|Any CPU
		{0A58A71A-AB28-466E-A102-FFC060311962}.Release|Any CPU.ActiveCfg = Release|Any CPU
		{0A58A71A-AB28-466E-A102-FFC060311962}.Release|Any CPU.Build.0 = Release|Any CPU
	EndGlobalSection
	GlobalSection(SolutionProperties) = preSolution
		HideSolutionNode = FALSE
	EndGlobalSection
	GlobalSection(ExtensibilityGlobals) = postSolution
		SolutionGuid = {175E3F27-FAFB-46A6-AD44-4F05942DF77A}
	EndGlobalSection
EndGlobal
