
Microsoft Visual Studio Solution File, Format Version 12.00
# Visual Studio Version 16
VisualStudioVersion = 16.0.30413.136
MinimumVisualStudioVersion = 10.0.40219.1
Project("{FAE04EC0-301F-11D3-BF4B-00C04F79EFBC}") = "lr2_mihalzov", "lr2_mihalzov.csproj", "{C0F1107A-7EEF-4822-BA95-2955F5DB5CFC}"
EndProject
Global
	GlobalSection(SolutionConfigurationPlatforms) = preSolution
		Debug|Any CPU = Debug|Any CPU
		Release|Any CPU = Release|Any CPU
	EndGlobalSection
	GlobalSection(ProjectConfigurationPlatforms) = postSolution
		{C0F1107A-7EEF-4822-BA95-2955F5DB5CFC}.Debug|Any CPU.ActiveCfg = Debug|Any CPU
		{C0F1107A-7EEF-4822-BA95-2955F5DB5CFC}.Debug|Any CPU.Build.0 = Debug|Any CPU
		{C0F1107A-7EEF-4822-BA95-2955F5DB5CFC}.Release|Any CPU.ActiveCfg = Release|Any CPU
		{C0F1107A-7EEF-4822-BA95-2955F5DB5CFC}.Release|Any CPU.Build.0 = Release|Any CPU
	EndGlobalSection
	GlobalSection(SolutionProperties) = preSolution
		HideSolutionNode = FALSE
	EndGlobalSection
	GlobalSection(ExtensibilityGlobals) = postSolution
		SolutionGuid = {84443B64-3F45-4FBA-9AB0-20DA677FFA13}
	EndGlobalSection
EndGlobal
