
Microsoft Visual Studio Solution File, Format Version 12.00
# Visual Studio Version 16
VisualStudioVersion = 16.0.30523.141
MinimumVisualStudioVersion = 10.0.40219.1
Project("{FAE04EC0-301F-11D3-BF4B-00C04F79EFBC}") = "Задание", "Задание.csproj", "{F576C23E-C504-4544-804B-E6F3AB5F59D7}"
EndProject
Global
	GlobalSection(SolutionConfigurationPlatforms) = preSolution
		Debug|Any CPU = Debug|Any CPU
		Release|Any CPU = Release|Any CPU
	EndGlobalSection
	GlobalSection(ProjectConfigurationPlatforms) = postSolution
		{F576C23E-C504-4544-804B-E6F3AB5F59D7}.Debug|Any CPU.ActiveCfg = Debug|Any CPU
		{F576C23E-C504-4544-804B-E6F3AB5F59D7}.Debug|Any CPU.Build.0 = Debug|Any CPU
		{F576C23E-C504-4544-804B-E6F3AB5F59D7}.Release|Any CPU.ActiveCfg = Release|Any CPU
		{F576C23E-C504-4544-804B-E6F3AB5F59D7}.Release|Any CPU.Build.0 = Release|Any CPU
	EndGlobalSection
	GlobalSection(SolutionProperties) = preSolution
		HideSolutionNode = FALSE
	EndGlobalSection
	GlobalSection(ExtensibilityGlobals) = postSolution
		SolutionGuid = {178A13C0-4BEA-4F41-BD1B-C2BDC5CD4CF6}
	EndGlobalSection
EndGlobal
