
Microsoft Visual Studio Solution File, Format Version 12.00
# Visual Studio Version 16
VisualStudioVersion = 16.0.30413.136
MinimumVisualStudioVersion = 10.0.40219.1
Project("{FAE04EC0-301F-11D3-BF4B-00C04F79EFBC}") = "pr1", "pr1.csproj", "{CEC46D7D-3825-46B1-95F8-EEBB6366081B}"
EndProject
Global
	GlobalSection(SolutionConfigurationPlatforms) = preSolution
		Debug|Any CPU = Debug|Any CPU
		Release|Any CPU = Release|Any CPU
	EndGlobalSection
	GlobalSection(ProjectConfigurationPlatforms) = postSolution
		{CEC46D7D-3825-46B1-95F8-EEBB6366081B}.Debug|Any CPU.ActiveCfg = Debug|Any CPU
		{CEC46D7D-3825-46B1-95F8-EEBB6366081B}.Debug|Any CPU.Build.0 = Debug|Any CPU
		{CEC46D7D-3825-46B1-95F8-EEBB6366081B}.Release|Any CPU.ActiveCfg = Release|Any CPU
		{CEC46D7D-3825-46B1-95F8-EEBB6366081B}.Release|Any CPU.Build.0 = Release|Any CPU
	EndGlobalSection
	GlobalSection(SolutionProperties) = preSolution
		HideSolutionNode = FALSE
	EndGlobalSection
	GlobalSection(ExtensibilityGlobals) = postSolution
		SolutionGuid = {81612B96-926C-402A-8CB8-DBCEB18D4E64}
	EndGlobalSection
EndGlobal
