
Microsoft Visual Studio Solution File, Format Version 12.00
# Visual Studio Version 16
VisualStudioVersion = 16.0.30503.244
MinimumVisualStudioVersion = 10.0.40219.1
Project("{FAE04EC0-301F-11D3-BF4B-00C04F79EFBC}") = "Пример1", "Пример1.csproj", "{A12A8FAE-1254-4C99-8139-5BD07D3026E2}"
EndProject
Global
	GlobalSection(SolutionConfigurationPlatforms) = preSolution
		Debug|Any CPU = Debug|Any CPU
		Release|Any CPU = Release|Any CPU
	EndGlobalSection
	GlobalSection(ProjectConfigurationPlatforms) = postSolution
		{A12A8FAE-1254-4C99-8139-5BD07D3026E2}.Debug|Any CPU.ActiveCfg = Debug|Any CPU
		{A12A8FAE-1254-4C99-8139-5BD07D3026E2}.Debug|Any CPU.Build.0 = Debug|Any CPU
		{A12A8FAE-1254-4C99-8139-5BD07D3026E2}.Release|Any CPU.ActiveCfg = Release|Any CPU
		{A12A8FAE-1254-4C99-8139-5BD07D3026E2}.Release|Any CPU.Build.0 = Release|Any CPU
	EndGlobalSection
	GlobalSection(SolutionProperties) = preSolution
		HideSolutionNode = FALSE
	EndGlobalSection
	GlobalSection(ExtensibilityGlobals) = postSolution
		SolutionGuid = {E3F1CE50-606F-450E-972A-2C3A204B539C}
	EndGlobalSection
EndGlobal
