
Microsoft Visual Studio Solution File, Format Version 12.00
# Visual Studio Version 16
VisualStudioVersion = 16.0.30621.155
MinimumVisualStudioVersion = 10.0.40219.1
Project("{FAE04EC0-301F-11D3-BF4B-00C04F79EFBC}") = "Пример 2", "Пример 2.csproj", "{C0D0B720-E66C-4AE3-927D-E01E526D0636}"
EndProject
Global
	GlobalSection(SolutionConfigurationPlatforms) = preSolution
		Debug|Any CPU = Debug|Any CPU
		Release|Any CPU = Release|Any CPU
	EndGlobalSection
	GlobalSection(ProjectConfigurationPlatforms) = postSolution
		{C0D0B720-E66C-4AE3-927D-E01E526D0636}.Debug|Any CPU.ActiveCfg = Debug|Any CPU
		{C0D0B720-E66C-4AE3-927D-E01E526D0636}.Debug|Any CPU.Build.0 = Debug|Any CPU
		{C0D0B720-E66C-4AE3-927D-E01E526D0636}.Release|Any CPU.ActiveCfg = Release|Any CPU
		{C0D0B720-E66C-4AE3-927D-E01E526D0636}.Release|Any CPU.Build.0 = Release|Any CPU
	EndGlobalSection
	GlobalSection(SolutionProperties) = preSolution
		HideSolutionNode = FALSE
	EndGlobalSection
	GlobalSection(ExtensibilityGlobals) = postSolution
		SolutionGuid = {1C8761C3-533A-4F98-B717-B2E8C1CB652A}
	EndGlobalSection
EndGlobal
