
Microsoft Visual Studio Solution File, Format Version 12.00
# Visual Studio Version 16
VisualStudioVersion = 16.0.30621.155
MinimumVisualStudioVersion = 10.0.40219.1
Project("{FAE04EC0-301F-11D3-BF4B-00C04F79EFBC}") = "Задание", "Задание.csproj", "{F43B1394-3EA6-43BF-B92F-59C2C18FE1FC}"
EndProject
Global
	GlobalSection(SolutionConfigurationPlatforms) = preSolution
		Debug|Any CPU = Debug|Any CPU
		Release|Any CPU = Release|Any CPU
	EndGlobalSection
	GlobalSection(ProjectConfigurationPlatforms) = postSolution
		{F43B1394-3EA6-43BF-B92F-59C2C18FE1FC}.Debug|Any CPU.ActiveCfg = Debug|Any CPU
		{F43B1394-3EA6-43BF-B92F-59C2C18FE1FC}.Debug|Any CPU.Build.0 = Debug|Any CPU
		{F43B1394-3EA6-43BF-B92F-59C2C18FE1FC}.Release|Any CPU.ActiveCfg = Release|Any CPU
		{F43B1394-3EA6-43BF-B92F-59C2C18FE1FC}.Release|Any CPU.Build.0 = Release|Any CPU
	EndGlobalSection
	GlobalSection(SolutionProperties) = preSolution
		HideSolutionNode = FALSE
	EndGlobalSection
	GlobalSection(ExtensibilityGlobals) = postSolution
		SolutionGuid = {96B017FB-DA77-455C-B957-286008D7E74A}
	EndGlobalSection
EndGlobal
